{
  "lockfileVersion": 1,
  "configVersion": 1,
  "workspaces": {
    "": {
      "name": "glb-viewer",
      "dependencies": {
        "@babylonjs/core": "^9.1.0",
        "@babylonjs/loaders": "^9.1.0",
        "@babylonjs/serializers": "^9.1.0",
        "@gltf-transform/core": "^4.3.0",
        "@gltf-transform/extensions": "^4.3.0",
      },
      "devDependencies": {
        "@types/bun": "latest",
      },
      "peerDependencies": {
        "typescript": "^5",
      },
    },
  },
  "packages": {
    "@babylonjs/core": ["@babylonjs/core@9.1.0", "", {}, "sha512-lc+BXKaNfJB1uSAdzjrxkJYEjGVC4ulph2x6Alj1xWKyh8sAAsc7G5Nfsa+PW5ybah0pYhkJwEk7yyLNxLpBWg=="],

    "@babylonjs/loaders": ["@babylonjs/loaders@9.1.0", "", { "peerDependencies": { "@babylonjs/core": "^9.0.0", "babylonjs-gltf2interface": "^9.0.0" } }, "sha512-6muzjYr9L3QQwkrKJjoD7AoiZ/Lrs1nw/vDsHnuy3OZs4u+1LkFwzKz7DF9XlcxNiYxCM1SbonFTsZPi3FAskg=="],

    "@babylonjs/serializers": ["@babylonjs/serializers@9.1.0", "", { "peerDependencies": { "@babylonjs/core": "^9.0.0", "babylonjs-gltf2interface": "^9.0.0" } }, "sha512-iFOj9bJpn2fLnkEznQBqPKChLdJRNW26YNLRSV+PmcoT0jF+jgyQpJpYrouh/Wj7PJbvVl0ljUrpxk7hK58Kvw=="],

    "@gltf-transform/core": ["@gltf-transform/core@4.3.0", "", { "dependencies": { "property-graph": "^4.0.0" } }, "sha512-ZeaQfszGJ9LYwELszu45CuDQCsE26lJNNe36FVmN8xclaT6WDdCj7fwGpQXo0/l/YgAVAHX+uO7YNBW75/SRYw=="],

    "@gltf-transform/extensions": ["@gltf-transform/extensions@4.3.0", "", { "dependencies": { "@gltf-transform/core": "^4.3.0", "ktx-parse": "^1.0.1" } }, "sha512-XDAjQPYVMHa/VDpSbfCBwI+/1muwRJCaXhUpLgnUzAjn0D//PgvIAcbNm1EwBl3LIWBSwjDUCn2LiMAjp+aXVw=="],

    "@types/bun": ["@types/bun@1.3.11", "", { "dependencies": { "bun-types": "1.3.11" } }, "sha512-5vPne5QvtpjGpsGYXiFyycfpDF2ECyPcTSsFBMa0fraoxiQyMJ3SmuQIGhzPg2WJuWxVBoxWJ2kClYTcw/4fAg=="],

    "@types/node": ["@types/node@25.5.0", "", { "dependencies": { "undici-types": "~7.18.0" } }, "sha512-jp2P3tQMSxWugkCUKLRPVUpGaL5MVFwF8RDuSRztfwgN1wmqJeMSbKlnEtQqU8UrhTmzEmZdu2I6v2dpp7XIxw=="],

    "babylonjs-gltf2interface": ["babylonjs-gltf2interface@9.1.0", "", {}, "sha512-80wgo57ev8pvLKGCwwXBemlaWP5PvlviT0CLzDX5NIJ9fBLH7p3B77TVZplOZx230cTLUF6EiJQ7pelw+f8Qlw=="],

    "bun-types": ["bun-types@1.3.11", "", { "dependencies": { "@types/node": "*" } }, "sha512-1KGPpoxQWl9f6wcZh57LvrPIInQMn2TQ7jsgxqpRzg+l0QPOFvJVH7HmvHo/AiPgwXy+/Thf6Ov3EdVn1vOabg=="],

    "ktx-parse": ["ktx-parse@1.1.0", "", {}, "sha512-mKp3y+FaYgR7mXWAbyyzpa/r1zDWeaunH+INJO4fou3hb45XuNSwar+7llrRyvpMWafxSIi99RNFJ05MHedaJQ=="],

    "property-graph": ["property-graph@4.1.0", "", {}, "sha512-AvPcP7XECNWy4LGmFQ77k7un4lSKM4eS29PTvW4ck95uYeLxXPWJM7hLuBqK91FaHqCcgJvIUCuNJjjxKE7VKQ=="],

    "typescript": ["typescript@5.9.3", "", { "bin": { "tsc": "bin/tsc", "tsserver": "bin/tsserver" } }, "sha512-jl1vZzPDinLr9eUt3J/t7V6FgNEw9QjvBPdysz9KfQDD41fQrC2Y4vKQdiaUpFT4bXlb1RHhLpp8wtm6M5TgSw=="],

    "undici-types": ["undici-types@7.18.2", "", {}, "sha512-AsuCzffGHJybSaRrmr5eHr81mwJU3kjw6M+uprWvCXiNeN9SOGwQ3Jn8jb8m3Z6izVgknn1R0FTCEAP2QrLY/w=="],
  }
}
